
Microsoft Visual Studio Solution File, Format Version 11.00
# Visual Studio 2010
Project("{2150E333-8FDC-42A3-9474-1A3956D46DE8}") = "Solution Items", "Solution Items", "{DC7936C1-3E9E-4009-AC0F-4EE1B7FBDBD6}"
	ProjectSection(SolutionItems) = preProject
		Encryption.vsmdi = Encryption.vsmdi
		Local.testsettings = Local.testsettings
		TraceAndTestImpact.testsettings = TraceAndTestImpact.testsettings
	EndProjectSection
EndProject
Project("{F184B08F-C81C-45F6-A57F-5ABD9991F28F}") = "Encryption", "Encryption\Encryption.vbproj", "{1AF5D50C-B1FA-4604-A33D-705A0DC849CA}"
EndProject
Project("{F184B08F-C81C-45F6-A57F-5ABD9991F28F}") = "EncryptionTests", "EncryptionTests\EncryptionTests.vbproj", "{AE29A20A-4203-4A0E-8C0D-069FA91A3E86}"
EndProject
Global
	GlobalSection(TestCaseManagementSettings) = postSolution
		CategoryFile = Encryption.vsmdi
	EndGlobalSection
	GlobalSection(SolutionConfigurationPlatforms) = preSolution
		Debug|Any CPU = Debug|Any CPU
		Release|Any CPU = Release|Any CPU
	EndGlobalSection
	GlobalSection(ProjectConfigurationPlatforms) = postSolution
		{1AF5D50C-B1FA-4604-A33D-705A0DC849CA}.Debug|Any CPU.ActiveCfg = Debug|Any CPU
		{1AF5D50C-B1FA-4604-A33D-705A0DC849CA}.Debug|Any CPU.Build.0 = Debug|Any CPU
		{1AF5D50C-B1FA-4604-A33D-705A0DC849CA}.Release|Any CPU.ActiveCfg = Release|Any CPU
		{1AF5D50C-B1FA-4604-A33D-705A0DC849CA}.Release|Any CPU.Build.0 = Release|Any CPU
		{AE29A20A-4203-4A0E-8C0D-069FA91A3E86}.Debug|Any CPU.ActiveCfg = Debug|Any CPU
		{AE29A20A-4203-4A0E-8C0D-069FA91A3E86}.Debug|Any CPU.Build.0 = Debug|Any CPU
		{AE29A20A-4203-4A0E-8C0D-069FA91A3E86}.Release|Any CPU.ActiveCfg = Release|Any CPU
		{AE29A20A-4203-4A0E-8C0D-069FA91A3E86}.Release|Any CPU.Build.0 = Release|Any CPU
	EndGlobalSection
	GlobalSection(SolutionProperties) = preSolution
		HideSolutionNode = FALSE
	EndGlobalSection
EndGlobal
